
Microsoft Visual Studio Solution File, Format Version 11.00
# Visual Studio 2010
Project("{FAE04EC0-301F-11D3-BF4B-00C04F79EFBC}") = "UnityEngine.UI", "UnityEngine.UI.csproj", "{fec735e4-a9ed-b36a-7c3c-b695d4c75367}"
EndProject
Project("{FAE04EC0-301F-11D3-BF4B-00C04F79EFBC}") = "Assembly-CSharp", "Assembly-CSharp.csproj", "{a06f3067-5a21-2924-0a7c-576157e425ba}"
EndProject
Project("{FAE04EC0-301F-11D3-BF4B-00C04F79EFBC}") = "UnityEditor.UI", "UnityEditor.UI.csproj", "{3b361125-a2a4-cc17-293e-11e18e0eac8a}"
EndProject
Project("{FAE04EC0-301F-11D3-BF4B-00C04F79EFBC}") = "Assembly-CSharp-Editor", "Assembly-CSharp-Editor.csproj", "{aa6dec1f-6bb6-3568-3b5a-d5065ebdb4c3}"
EndProject
Global
	GlobalSection(SolutionConfigurationPlatforms) = preSolution
		Debug|Any CPU = Debug|Any CPU
	EndGlobalSection
	GlobalSection(ProjectConfigurationPlatforms) = postSolution
		{fec735e4-a9ed-b36a-7c3c-b695d4c75367}.Debug|Any CPU.ActiveCfg = Debug|Any CPU
		{fec735e4-a9ed-b36a-7c3c-b695d4c75367}.Debug|Any CPU.Build.0 = Debug|Any CPU
		{a06f3067-5a21-2924-0a7c-576157e425ba}.Debug|Any CPU.ActiveCfg = Debug|Any CPU
		{a06f3067-5a21-2924-0a7c-576157e425ba}.Debug|Any CPU.Build.0 = Debug|Any CPU
		{3b361125-a2a4-cc17-293e-11e18e0eac8a}.Debug|Any CPU.ActiveCfg = Debug|Any CPU
		{3b361125-a2a4-cc17-293e-11e18e0eac8a}.Debug|Any CPU.Build.0 = Debug|Any CPU
		{aa6dec1f-6bb6-3568-3b5a-d5065ebdb4c3}.Debug|Any CPU.ActiveCfg = Debug|Any CPU
		{aa6dec1f-6bb6-3568-3b5a-d5065ebdb4c3}.Debug|Any CPU.Build.0 = Debug|Any CPU
	EndGlobalSection
	GlobalSection(SolutionProperties) = preSolution
		HideSolutionNode = FALSE
	EndGlobalSection
EndGlobal
